# This file is automatically @generated by Cargo.
# It is not intended for manual editing.
version = 3

[[package]]
name = "arrayvec"
version = "0.7.2"
source = "registry+https://github.com/rust-lang/crates.io-index"
checksum = "8da52d66c7071e2e3fa2a1e5c6d088fec47b593032b254f5e980de8ea54454d6"

[[package]]
name = "stackdump-capture"
version = "0.1.0"
dependencies = [
 "stackdump-core",
]

[[package]]
name = "stackdump-core"
version = "0.1.0"
dependencies = [
 "arrayvec",
]

[[package]]
name = "stackdump-trace"
version = "0.1.0"
